<?xml version="1.0" encoding="utf-8"?>
<Project ToolsVersion="4.0" xmlns="http://schemas.microsoft.com/developer/msbuild/2003">
  <ItemGroup>
    <ClCompile Include="src\controller.cpp" />
    <ClCompile Include="src\evolution.cpp" />
    <ClCompile Include="src\main.cpp" />
    <ClCompile Include="src\utils.cpp" />
  </ItemGroup>
  <ItemGroup>
    <ClInclude Include="include\controller.hpp" />
    <ClInclude Include="include\evolution.hpp" />
    <ClInclude Include="include\utils.hpp" />
  </ItemGroup>
  <ItemGroup>
    <Xml Include="mujoco_models\humanoid.xml" />
  </ItemGroup>
  <ItemGroup>
    <Text Include="CMakeLists.txt" />
  </ItemGroup>
  <ItemGroup>
    <CudaCompile Include="src\kernel.cu" />
    <CudaCompile Include="include\kernel.cuh" />
  </ItemGroup>
</Project>